
Microsoft Visual Studio Solution File, Format Version 12.00
# Visual Studio 15
Project("{FAE04EC0-301F-11D3-BF4B-00C04F79EFBC}") = "Assembly-CSharp", "Assembly-CSharp.csproj", "{2DB551E5-3A26-F27D-6BDE-DB372186D851}"
EndProject
Project("{FAE04EC0-301F-11D3-BF4B-00C04F79EFBC}") = "Assembly-CSharp-firstpass", "Assembly-CSharp-firstpass.csproj", "{941C1FE7-7E1E-37E8-501A-3D55EB08CBB6}"
EndProject
Global
	GlobalSection(SolutionConfigurationPlatforms) = preSolution
		Debug|Any CPU = Debug|Any CPU
		Release|Any CPU = Release|Any CPU
	EndGlobalSection
	GlobalSection(ProjectConfigurationPlatforms) = postSolution
		{2DB551E5-3A26-F27D-6BDE-DB372186D851}.Debug|Any CPU.ActiveCfg = Debug|Any CPU
		{2DB551E5-3A26-F27D-6BDE-DB372186D851}.Debug|Any CPU.Build.0 = Debug|Any CPU
		{2DB551E5-3A26-F27D-6BDE-DB372186D851}.Release|Any CPU.ActiveCfg = Release|Any CPU
		{2DB551E5-3A26-F27D-6BDE-DB372186D851}.Release|Any CPU.Build.0 = Release|Any CPU
		{941C1FE7-7E1E-37E8-501A-3D55EB08CBB6}.Debug|Any CPU.ActiveCfg = Debug|Any CPU
		{941C1FE7-7E1E-37E8-501A-3D55EB08CBB6}.Debug|Any CPU.Build.0 = Debug|Any CPU
		{941C1FE7-7E1E-37E8-501A-3D55EB08CBB6}.Release|Any CPU.ActiveCfg = Release|Any CPU
		{941C1FE7-7E1E-37E8-501A-3D55EB08CBB6}.Release|Any CPU.Build.0 = Release|Any CPU
	EndGlobalSection
	GlobalSection(SolutionProperties) = preSolution
		HideSolutionNode = FALSE
	EndGlobalSection
EndGlobal
